
Microsoft Visual Studio Solution File, Format Version 12.00
# Visual Studio Version 17
VisualStudioVersion = 17.3.32929.385
MinimumVisualStudioVersion = 10.0.40219.1
Project("{9A19103F-16F7-4668-BE54-9A1E7A4F7556}") = "AceBookApp", "AceBookApp\AceBookApp.csproj", "{72E48989-02C9-444D-873D-865395B8AECD}"
EndProject
Global
	GlobalSection(SolutionConfigurationPlatforms) = preSolution
		Debug|Any CPU = Debug|Any CPU
		Release|Any CPU = Release|Any CPU
	EndGlobalSection
	GlobalSection(ProjectConfigurationPlatforms) = postSolution
		{72E48989-02C9-444D-873D-865395B8AECD}.Debug|Any CPU.ActiveCfg = Debug|Any CPU
		{72E48989-02C9-444D-873D-865395B8AECD}.Debug|Any CPU.Build.0 = Debug|Any CPU
		{72E48989-02C9-444D-873D-865395B8AECD}.Release|Any CPU.ActiveCfg = Release|Any CPU
		{72E48989-02C9-444D-873D-865395B8AECD}.Release|Any CPU.Build.0 = Release|Any CPU
	EndGlobalSection
	GlobalSection(SolutionProperties) = preSolution
		HideSolutionNode = FALSE
	EndGlobalSection
	GlobalSection(ExtensibilityGlobals) = postSolution
		SolutionGuid = {26C6D7AC-761C-4E90-9A94-962A670618B0}
	EndGlobalSection
EndGlobal
